
Microsoft Visual Studio Solution File, Format Version 10.00
# Visual Studio 2008
Project("{F184B08F-C81C-45F6-A57F-5ABD9991F28F}") = "ClosingChildWindows", "ClosingChildWindows\ClosingChildWindows.vbproj", "{70CC92F5-29C8-4264-9172-143E2F2BAA8B}"
EndProject
Global
	GlobalSection(SolutionConfigurationPlatforms) = preSolution
		Debug|Any CPU = Debug|Any CPU
		Release|Any CPU = Release|Any CPU
	EndGlobalSection
	GlobalSection(ProjectConfigurationPlatforms) = postSolution
		{70CC92F5-29C8-4264-9172-143E2F2BAA8B}.Debug|Any CPU.ActiveCfg = Debug|Any CPU
		{70CC92F5-29C8-4264-9172-143E2F2BAA8B}.Debug|Any CPU.Build.0 = Debug|Any CPU
		{70CC92F5-29C8-4264-9172-143E2F2BAA8B}.Release|Any CPU.ActiveCfg = Release|Any CPU
		{70CC92F5-29C8-4264-9172-143E2F2BAA8B}.Release|Any CPU.Build.0 = Release|Any CPU
	EndGlobalSection
	GlobalSection(SolutionProperties) = preSolution
		HideSolutionNode = FALSE
	EndGlobalSection
EndGlobal
